
Microsoft Visual Studio Solution File, Format Version 12.00
# Visual Studio Version 16
VisualStudioVersion = 16.0.31515.178
MinimumVisualStudioVersion = 10.0.40219.1
Project("{FAE04EC0-301F-11D3-BF4B-00C04F79EFBC}") = "JpegToWord", "JpegToWord\JpegToWord.csproj", "{20FE12A4-983B-4AA6-8C13-D729054B7333}"
EndProject
Global
	GlobalSection(SolutionConfigurationPlatforms) = preSolution
		Debug|Any CPU = Debug|Any CPU
		Release|Any CPU = Release|Any CPU
	EndGlobalSection
	GlobalSection(ProjectConfigurationPlatforms) = postSolution
		{20FE12A4-983B-4AA6-8C13-D729054B7333}.Debug|Any CPU.ActiveCfg = Debug|Any CPU
		{20FE12A4-983B-4AA6-8C13-D729054B7333}.Debug|Any CPU.Build.0 = Debug|Any CPU
		{20FE12A4-983B-4AA6-8C13-D729054B7333}.Release|Any CPU.ActiveCfg = Release|Any CPU
		{20FE12A4-983B-4AA6-8C13-D729054B7333}.Release|Any CPU.Build.0 = Release|Any CPU
	EndGlobalSection
	GlobalSection(SolutionProperties) = preSolution
		HideSolutionNode = FALSE
	EndGlobalSection
	GlobalSection(ExtensibilityGlobals) = postSolution
		SolutionGuid = {2CD2B4CB-AC32-4EB0-B5C0-C3D608A77F6C}
	EndGlobalSection
EndGlobal
